// !$*UTF8*$!
{
	archiveVersion = 1;
	classes = {
	};
	objectVersion = 51;
	objects = {

/* Begin PBXBuildFile section */
		6A635645265F961000157EDE /* xlsxParserApp.swift in Sources */ = {isa = PBXBuildFile; fileRef = 6A635644265F961000157EDE /* xlsxParserApp.swift */; };
		6A635647265F961000157EDE /* ContentView.swift in Sources */ = {isa = PBXBuildFile; fileRef = 6A635646265F961000157EDE /* ContentView.swift */; };
		6A635649265F963200157EDE /* Assets.xcassets in Resources */ = {isa = PBXBuildFile; fileRef = 6A635648265F963200157EDE /* Assets.xcassets */; };
		6A63564C265F963200157EDE /* Preview Assets.xcassets in Resources */ = {isa = PBXBuildFile; fileRef = 6A63564B265F963200157EDE /* Preview Assets.xcassets */; };
		6A635657265F963600157EDE /* xlsxParserTests.swift in Sources */ = {isa = PBXBuildFile; fileRef = 6A635656265F963600157EDE /* xlsxParserTests.swift */; };
		6A635662265F963600157EDE /* xlsxParserUITests.swift in Sources */ = {isa = PBXBuildFile; fileRef = 6A635661265F963600157EDE /* xlsxParserUITests.swift */; };
		7B64B391EFD38293723949E2 /* Pods_xlsxParser.framework in Frameworks */ = {isa = PBXBuildFile; fileRef = 00E242B17B810E5610D7BA43 /* Pods_xlsxParser.framework */; };
		B0B9BAC79A90329903588FA4 /* Pods_xlsxParserTests.framework in Frameworks */ = {isa = PBXBuildFile; fileRef = 3A2C996C88B0C068EA056B29 /* Pods_xlsxParserTests.framework */; };
		ECC3FFBFA38589B93133C542 /* Pods_xlsxParser_xlsxParserUITests.framework in Frameworks */ = {isa = PBXBuildFile; fileRef = 68280965D891B1F01097467F /* Pods_xlsxParser_xlsxParserUITests.framework */; };
/* End PBXBuildFile section */

/* Begin PBXContainerItemProxy section */
		6A635653265F963600157EDE /* PBXContainerItemProxy */ = {
			isa = PBXContainerItemProxy;
			containerPortal = 6A635639265F961000157EDE /* Project object */;
			proxyType = 1;
			remoteGlobalIDString = 6A635640265F961000157EDE;
			remoteInfo = xlsxParser;
		};
		6A63565E265F963600157EDE /* PBXContainerItemProxy */ = {
			isa = PBXContainerItemProxy;
			containerPortal = 6A635639265F961000157EDE /* Project object */;
			proxyType = 1;
			remoteGlobalIDString = 6A635640265F961000157EDE;
			remoteInfo = xlsxParser;
		};
/* End PBXContainerItemProxy section */

/* Begin PBXFileReference section */
		00E242B17B810E5610D7BA43 /* Pods_xlsxParser.framework */ = {isa = PBXFileReference; explicitFileType = wrapper.framework; includeInIndex = 0; path = Pods_xlsxParser.framework; sourceTree = BUILT_PRODUCTS_DIR; };
		2B2ED744807E0BF4A9E326BB /* Pods-xlsxParser.debug.xcconfig */ = {isa = PBXFileReference; includeInIndex = 1; lastKnownFileType = text.xcconfig; name = "Pods-xlsxParser.debug.xcconfig"; path = "Target Support Files/Pods-xlsxParser/Pods-xlsxParser.debug.xcconfig"; sourceTree = "<group>"; };
		3A2C996C88B0C068EA056B29 /* Pods_xlsxParserTests.framework */ = {isa = PBXFileReference; explicitFileType = wrapper.framework; includeInIndex = 0; path = Pods_xlsxParserTests.framework; sourceTree = BUILT_PRODUCTS_DIR; };
		4FF5754100187473C470F003 /* Pods-xlsxParser-xlsxParserUITests.release.xcconfig */ = {isa = PBXFileReference; includeInIndex = 1; lastKnownFileType = text.xcconfig; name = "Pods-xlsxParser-xlsxParserUITests.release.xcconfig"; path = "Target Support Files/Pods-xlsxParser-xlsxParserUITests/Pods-xlsxParser-xlsxParserUITests.release.xcconfig"; sourceTree = "<group>"; };
		68280965D891B1F01097467F /* Pods_xlsxParser_xlsxParserUITests.framework */ = {isa = PBXFileReference; explicitFileType = wrapper.framework; includeInIndex = 0; path = Pods_xlsxParser_xlsxParserUITests.framework; sourceTree = BUILT_PRODUCTS_DIR; };
		6A635641265F961000157EDE /* xlsxParser.app */ = {isa = PBXFileReference; explicitFileType = wrapper.application; includeInIndex = 0; path = xlsxParser.app; sourceTree = BUILT_PRODUCTS_DIR; };
		6A635644265F961000157EDE /* xlsxParserApp.swift */ = {isa = PBXFileReference; lastKnownFileType = sourcecode.swift; path = xlsxParserApp.swift; sourceTree = "<group>"; };
		6A635646265F961000157EDE /* ContentView.swift */ = {isa = PBXFileReference; lastKnownFileType = sourcecode.swift; path = ContentView.swift; sourceTree = "<group>"; };
		6A635648265F963200157EDE /* Assets.xcassets */ = {isa = PBXFileReference; lastKnownFileType = folder.assetcatalog; path = Assets.xcassets; sourceTree = "<group>"; };
		6A63564B265F963200157EDE /* Preview Assets.xcassets */ = {isa = PBXFileReference; lastKnownFileType = folder.assetcatalog; path = "Preview Assets.xcassets"; sourceTree = "<group>"; };
		6A63564D265F963200157EDE /* Info.plist */ = {isa = PBXFileReference; lastKnownFileType = text.plist.xml; path = Info.plist; sourceTree = "<group>"; };
		6A635652265F963600157EDE /* xlsxParserTests.xctest */ = {isa = PBXFileReference; explicitFileType = wrapper.cfbundle; includeInIndex = 0; path = xlsxParserTests.xctest; sourceTree = BUILT_PRODUCTS_DIR; };
		6A635656265F963600157EDE /* xlsxParserTests.swift */ = {isa = PBXFileReference; lastKnownFileType = sourcecode.swift; path = xlsxParserTests.swift; sourceTree = "<group>"; };
		6A635658265F963600157EDE /* Info.plist */ = {isa = PBXFileReference; lastKnownFileType = text.plist.xml; path = Info.plist; sourceTree = "<group>"; };
		6A63565D265F963600157EDE /* xlsxParserUITests.xctest */ = {isa = PBXFileReference; explicitFileType = wrapper.cfbundle; includeInIndex = 0; path = xlsxParserUITests.xctest; sourceTree = BUILT_PRODUCTS_DIR; };
		6A635661265F963600157EDE /* xlsxParserUITests.swift */ = {isa = PBXFileReference; lastKnownFileType = sourcecode.swift; path = xlsxParserUITests.swift; sourceTree = "<group>"; };
		6A635663265F963600157EDE /* Info.plist */ = {isa = PBXFileReference; lastKnownFileType = text.plist.xml; path = Info.plist; sourceTree = "<group>"; };
		6A635672265F9EA200157EDE /* xlsxParser.entitlements */ = {isa = PBXFileReference; lastKnownFileType = text.plist.entitlements; path = xlsxParser.entitlements; sourceTree = "<group>"; };
		6F015439AE8681C5956648DA /* Pods-xlsxParser-xlsxParserUITests.debug.xcconfig */ = {isa = PBXFileReference; includeInIndex = 1; lastKnownFileType = text.xcconfig; name = "Pods-xlsxParser-xlsxParserUITests.debug.xcconfig"; path = "Target Support Files/Pods-xlsxParser-xlsxParserUITests/Pods-xlsxParser-xlsxParserUITests.debug.xcconfig"; sourceTree = "<group>"; };
		74D5026BCB7B91DCEF980AE6 /* Pods-xlsxParserTests.debug.xcconfig */ = {isa = PBXFileReference; includeInIndex = 1; lastKnownFileType = text.xcconfig; name = "Pods-xlsxParserTests.debug.xcconfig"; path = "Target Support Files/Pods-xlsxParserTests/Pods-xlsxParserTests.debug.xcconfig"; sourceTree = "<group>"; };
		B2C1C8DA4FFBA7B9416943F4 /* Pods-xlsxParser.release.xcconfig */ = {isa = PBXFileReference; includeInIndex = 1; lastKnownFileType = text.xcconfig; name = "Pods-xlsxParser.release.xcconfig"; path = "Target Support Files/Pods-xlsxParser/Pods-xlsxParser.release.xcconfig"; sourceTree = "<group>"; };
		F3416526929BC7BAD7945B20 /* Pods-xlsxParserTests.release.xcconfig */ = {isa = PBXFileReference; includeInIndex = 1; lastKnownFileType = text.xcconfig; name = "Pods-xlsxParserTests.release.xcconfig"; path = "Target Support Files/Pods-xlsxParserTests/Pods-xlsxParserTests.release.xcconfig"; sourceTree = "<group>"; };
/* End PBXFileReference section */

/* Begin PBXFrameworksBuildPhase section */
		6A63563E265F961000157EDE /* Frameworks */ = {
			isa = PBXFrameworksBuildPhase;
			buildActionMask = 2147483647;
			files = (
				7B64B391EFD38293723949E2 /* Pods_xlsxParser.framework in Frameworks */,
			);
			runOnlyForDeploymentPostprocessing = 0;
		};
		6A63564F265F963600157EDE /* Frameworks */ = {
			isa = PBXFrameworksBuildPhase;
			buildActionMask = 2147483647;
			files = (
				B0B9BAC79A90329903588FA4 /* Pods_xlsxParserTests.framework in Frameworks */,
			);
			runOnlyForDeploymentPostprocessing = 0;
		};
		6A63565A265F963600157EDE /* Frameworks */ = {
			isa = PBXFrameworksBuildPhase;
			buildActionMask = 2147483647;
			files = (
				ECC3FFBFA38589B93133C542 /* Pods_xlsxParser_xlsxParserUITests.framework in Frameworks */,
			);
			runOnlyForDeploymentPostprocessing = 0;
		};
/* End PBXFrameworksBuildPhase section */

/* Begin PBXGroup section */
		6A635638265F960F00157EDE = {
			isa = PBXGroup;
			children = (
				6A635643265F961000157EDE /* xlsxParser */,
				6A635655265F963600157EDE /* xlsxParserTests */,
				6A635660265F963600157EDE /* xlsxParserUITests */,
				6A635642265F961000157EDE /* Products */,
				CE05B79D3D45BA00113C87FF /* Pods */,
				8E0619B1711474337B974EDF /* Frameworks */,
			);
			sourceTree = "<group>";
		};
		6A635642265F961000157EDE /* Products */ = {
			isa = PBXGroup;
			children = (
				6A635641265F961000157EDE /* xlsxParser.app */,
				6A635652265F963600157EDE /* xlsxParserTests.xctest */,
				6A63565D265F963600157EDE /* xlsxParserUITests.xctest */,
			);
			name = Products;
			sourceTree = "<group>";
		};
		6A635643265F961000157EDE /* xlsxParser */ = {
			isa = PBXGroup;
			children = (
				6A635672265F9EA200157EDE /* xlsxParser.entitlements */,
				6A635644265F961000157EDE /* xlsxParserApp.swift */,
				6A635646265F961000157EDE /* ContentView.swift */,
				6A635648265F963200157EDE /* Assets.xcassets */,
				6A63564D265F963200157EDE /* Info.plist */,
				6A63564A265F963200157EDE /* Preview Content */,
			);
			path = xlsxParser;
			sourceTree = "<group>";
		};
		6A63564A265F963200157EDE /* Preview Content */ = {
			isa = PBXGroup;
			children = (
				6A63564B265F963200157EDE /* Preview Assets.xcassets */,
			);
			path = "Preview Content";
			sourceTree = "<group>";
		};
		6A635655265F963600157EDE /* xlsxParserTests */ = {
			isa = PBXGroup;
			children = (
				6A635656265F963600157EDE /* xlsxParserTests.swift */,
				6A635658265F963600157EDE /* Info.plist */,
			);
			path = xlsxParserTests;
			sourceTree = "<group>";
		};
		6A635660265F963600157EDE /* xlsxParserUITests */ = {
			isa = PBXGroup;
			children = (
				6A635661265F963600157EDE /* xlsxParserUITests.swift */,
				6A635663265F963600157EDE /* Info.plist */,
			);
			path = xlsxParserUITests;
			sourceTree = "<group>";
		};
		8E0619B1711474337B974EDF /* Frameworks */ = {
			isa = PBXGroup;
			children = (
				00E242B17B810E5610D7BA43 /* Pods_xlsxParser.framework */,
				68280965D891B1F01097467F /* Pods_xlsxParser_xlsxParserUITests.framework */,
				3A2C996C88B0C068EA056B29 /* Pods_xlsxParserTests.framework */,
			);
			name = Frameworks;
			sourceTree = "<group>";
		};
		CE05B79D3D45BA00113C87FF /* Pods */ = {
			isa = PBXGroup;
			children = (
				2B2ED744807E0BF4A9E326BB /* Pods-xlsxParser.debug.xcconfig */,
				B2C1C8DA4FFBA7B9416943F4 /* Pods-xlsxParser.release.xcconfig */,
				6F015439AE8681C5956648DA /* Pods-xlsxParser-xlsxParserUITests.debug.xcconfig */,
				4FF5754100187473C470F003 /* Pods-xlsxParser-xlsxParserUITests.release.xcconfig */,
				74D5026BCB7B91DCEF980AE6 /* Pods-xlsxParserTests.debug.xcconfig */,
				F3416526929BC7BAD7945B20 /* Pods-xlsxParserTests.release.xcconfig */,
			);
			path = Pods;
			sourceTree = "<group>";
		};
/* End PBXGroup section */

/* Begin PBXNativeTarget section */
		6A635640265F961000157EDE /* xlsxParser */ = {
			isa = PBXNativeTarget;
			buildConfigurationList = 6A635666265F963600157EDE /* Build configuration list for PBXNativeTarget "xlsxParser" */;
			buildPhases = (
				90E39B118E955602C448D225 /* [CP] Check Pods Manifest.lock */,
				6A63563D265F961000157EDE /* Sources */,
				6A63563E265F961000157EDE /* Frameworks */,
				6A63563F265F961000157EDE /* Resources */,
				A823F4A4B17CA62E8EA44262 /* [CP] Embed Pods Frameworks */,
			);
			buildRules = (
			);
			dependencies = (
			);
			name = xlsxParser;
			productName = xlsxParser;
			productReference = 6A635641265F961000157EDE /* xlsxParser.app */;
			productType = "com.apple.product-type.application";
		};
		6A635651265F963600157EDE /* xlsxParserTests */ = {
			isa = PBXNativeTarget;
			buildConfigurationList = 6A635669265F963600157EDE /* Build configuration list for PBXNativeTarget "xlsxParserTests" */;
			buildPhases = (
				0440FC1302D0B454F33A41B1 /* [CP] Check Pods Manifest.lock */,
				6A63564E265F963600157EDE /* Sources */,
				6A63564F265F963600157EDE /* Frameworks */,
				6A635650265F963600157EDE /* Resources */,
			);
			buildRules = (
			);
			dependencies = (
				6A635654265F963600157EDE /* PBXTargetDependency */,
			);
			name = xlsxParserTests;
			productName = xlsxParserTests;
			productReference = 6A635652265F963600157EDE /* xlsxParserTests.xctest */;
			productType = "com.apple.product-type.bundle.unit-test";
		};
		6A63565C265F963600157EDE /* xlsxParserUITests */ = {
			isa = PBXNativeTarget;
			buildConfigurationList = 6A63566C265F963600157EDE /* Build configuration list for PBXNativeTarget "xlsxParserUITests" */;
			buildPhases = (
				D0C97FC1EF55E5447DE32510 /* [CP] Check Pods Manifest.lock */,
				6A635659265F963600157EDE /* Sources */,
				6A63565A265F963600157EDE /* Frameworks */,
				6A63565B265F963600157EDE /* Resources */,
				7DBFD8ADF9518530CE872EEA /* [CP] Embed Pods Frameworks */,
			);
			buildRules = (
			);
			dependencies = (
				6A63565F265F963600157EDE /* PBXTargetDependency */,
			);
			name = xlsxParserUITests;
			productName = xlsxParserUITests;
			productReference = 6A63565D265F963600157EDE /* xlsxParserUITests.xctest */;
			productType = "com.apple.product-type.bundle.ui-testing";
		};
/* End PBXNativeTarget section */

/* Begin PBXProject section */
		6A635639265F961000157EDE /* Project object */ = {
			isa = PBXProject;
			attributes = {
				LastSwiftUpdateCheck = 1240;
				LastUpgradeCheck = 1240;
				TargetAttributes = {
					6A635640265F961000157EDE = {
						CreatedOnToolsVersion = 12.4;
					};
					6A635651265F963600157EDE = {
						CreatedOnToolsVersion = 12.4;
						TestTargetID = 6A635640265F961000157EDE;
					};
					6A63565C265F963600157EDE = {
						CreatedOnToolsVersion = 12.4;
						TestTargetID = 6A635640265F961000157EDE;
					};
				};
			};
			buildConfigurationList = 6A63563C265F961000157EDE /* Build configuration list for PBXProject "xlsxParser" */;
			compatibilityVersion = "Xcode 9.3";
			developmentRegion = en;
			hasScannedForEncodings = 0;
			knownRegions = (
				en,
				Base,
			);
			mainGroup = 6A635638265F960F00157EDE;
			productRefGroup = 6A635642265F961000157EDE /* Products */;
			projectDirPath = "";
			projectRoot = "";
			targets = (
				6A635640265F961000157EDE /* xlsxParser */,
				6A635651265F963600157EDE /* xlsxParserTests */,
				6A63565C265F963600157EDE /* xlsxParserUITests */,
			);
		};
/* End PBXProject section */

/* Begin PBXResourcesBuildPhase section */
		6A63563F265F961000157EDE /* Resources */ = {
			isa = PBXResourcesBuildPhase;
			buildActionMask = 2147483647;
			files = (
				6A63564C265F963200157EDE /* Preview Assets.xcassets in Resources */,
				6A635649265F963200157EDE /* Assets.xcassets in Resources */,
			);
			runOnlyForDeploymentPostprocessing = 0;
		};
		6A635650265F963600157EDE /* Resources */ = {
			isa = PBXResourcesBuildPhase;
			buildActionMask = 2147483647;
			files = (
			);
			runOnlyForDeploymentPostprocessing = 0;
		};
		6A63565B265F963600157EDE /* Resources */ = {
			isa = PBXResourcesBuildPhase;
			buildActionMask = 2147483647;
			files = (
			);
			runOnlyForDeploymentPostprocessing = 0;
		};
/* End PBXResourcesBuildPhase section */

/* Begin PBXShellScriptBuildPhase section */
		0440FC1302D0B454F33A41B1 /* [CP] Check Pods Manifest.lock */ = {
			isa = PBXShellScriptBuildPhase;
			buildActionMask = 2147483647;
			files = (
			);
			inputFileListPaths = (
			);
			inputPaths = (
				"${PODS_PODFILE_DIR_PATH}/Podfile.lock",
				"${PODS_ROOT}/Manifest.lock",
			);
			name = "[CP] Check Pods Manifest.lock";
			outputFileListPaths = (
			);
			outputPaths = (
				"$(DERIVED_FILE_DIR)/Pods-xlsxParserTests-checkManifestLockResult.txt",
			);
			runOnlyForDeploymentPostprocessing = 0;
			shellPath = /bin/sh;
			shellScript = "diff \"${PODS_PODFILE_DIR_PATH}/Podfile.lock\" \"${PODS_ROOT}/Manifest.lock\" > /dev/null\nif [ $? != 0 ] ; then\n    # print error to STDERR\n    echo \"error: The sandbox is not in sync with the Podfile.lock. Run 'pod install' or update your CocoaPods installation.\" >&2\n    exit 1\nfi\n# This output is used by Xcode 'outputs' to avoid re-running this script phase.\necho \"SUCCESS\" > \"${SCRIPT_OUTPUT_FILE_0}\"\n";
			showEnvVarsInLog = 0;
		};
		7DBFD8ADF9518530CE872EEA /* [CP] Embed Pods Frameworks */ = {
			isa = PBXShellScriptBuildPhase;
			buildActionMask = 2147483647;
			files = (
			);
			inputFileListPaths = (
				"${PODS_ROOT}/Target Support Files/Pods-xlsxParser-xlsxParserUITests/Pods-xlsxParser-xlsxParserUITests-frameworks-${CONFIGURATION}-input-files.xcfilelist",
			);
			name = "[CP] Embed Pods Frameworks";
			outputFileListPaths = (
				"${PODS_ROOT}/Target Support Files/Pods-xlsxParser-xlsxParserUITests/Pods-xlsxParser-xlsxParserUITests-frameworks-${CONFIGURATION}-output-files.xcfilelist",
			);
			runOnlyForDeploymentPostprocessing = 0;
			shellPath = /bin/sh;
			shellScript = "\"${PODS_ROOT}/Target Support Files/Pods-xlsxParser-xlsxParserUITests/Pods-xlsxParser-xlsxParserUITests-frameworks.sh\"\n";
			showEnvVarsInLog = 0;
		};
		90E39B118E955602C448D225 /* [CP] Check Pods Manifest.lock */ = {
			isa = PBXShellScriptBuildPhase;
			buildActionMask = 2147483647;
			files = (
			);
			inputFileListPaths = (
			);
			inputPaths = (
				"${PODS_PODFILE_DIR_PATH}/Podfile.lock",
				"${PODS_ROOT}/Manifest.lock",
			);
			name = "[CP] Check Pods Manifest.lock";
			outputFileListPaths = (
			);
			outputPaths = (
				"$(DERIVED_FILE_DIR)/Pods-xlsxParser-checkManifestLockResult.txt",
			);
			runOnlyForDeploymentPostprocessing = 0;
			shellPath = /bin/sh;
			shellScript = "diff \"${PODS_PODFILE_DIR_PATH}/Podfile.lock\" \"${PODS_ROOT}/Manifest.lock\" > /dev/null\nif [ $? != 0 ] ; then\n    # print error to STDERR\n    echo \"error: The sandbox is not in sync with the Podfile.lock. Run 'pod install' or update your CocoaPods installation.\" >&2\n    exit 1\nfi\n# This output is used by Xcode 'outputs' to avoid re-running this script phase.\necho \"SUCCESS\" > \"${SCRIPT_OUTPUT_FILE_0}\"\n";
			showEnvVarsInLog = 0;
		};
		A823F4A4B17CA62E8EA44262 /* [CP] Embed Pods Frameworks */ = {
			isa = PBXShellScriptBuildPhase;
			buildActionMask = 2147483647;
			files = (
			);
			inputFileListPaths = (
				"${PODS_ROOT}/Target Support Files/Pods-xlsxParser/Pods-xlsxParser-frameworks-${CONFIGURATION}-input-files.xcfilelist",
			);
			name = "[CP] Embed Pods Frameworks";
			outputFileListPaths = (
				"${PODS_ROOT}/Target Support Files/Pods-xlsxParser/Pods-xlsxParser-frameworks-${CONFIGURATION}-output-files.xcfilelist",
			);
			runOnlyForDeploymentPostprocessing = 0;
			shellPath = /bin/sh;
			shellScript = "\"${PODS_ROOT}/Target Support Files/Pods-xlsxParser/Pods-xlsxParser-frameworks.sh\"\n";
			showEnvVarsInLog = 0;
		};
		D0C97FC1EF55E5447DE32510 /* [CP] Check Pods Manifest.lock */ = {
			isa = PBXShellScriptBuildPhase;
			buildActionMask = 2147483647;
			files = (
			);
			inputFileListPaths = (
			);
			inputPaths = (
				"${PODS_PODFILE_DIR_PATH}/Podfile.lock",
				"${PODS_ROOT}/Manifest.lock",
			);
			name = "[CP] Check Pods Manifest.lock";
			outputFileListPaths = (
			);
			outputPaths = (
				"$(DERIVED_FILE_DIR)/Pods-xlsxParser-xlsxParserUITests-checkManifestLockResult.txt",
			);
			runOnlyForDeploymentPostprocessing = 0;
			shellPath = /bin/sh;
			shellScript = "diff \"${PODS_PODFILE_DIR_PATH}/Podfile.lock\" \"${PODS_ROOT}/Manifest.lock\" > /dev/null\nif [ $? != 0 ] ; then\n    # print error to STDERR\n    echo \"error: The sandbox is not in sync with the Podfile.lock. Run 'pod install' or update your CocoaPods installation.\" >&2\n    exit 1\nfi\n# This output is used by Xcode 'outputs' to avoid re-running this script phase.\necho \"SUCCESS\" > \"${SCRIPT_OUTPUT_FILE_0}\"\n";
			showEnvVarsInLog = 0;
		};
/* End PBXShellScriptBuildPhase section */

/* Begin PBXSourcesBuildPhase section */
		6A63563D265F961000157EDE /* Sources */ = {
			isa = PBXSourcesBuildPhase;
			buildActionMask = 2147483647;
			files = (
				6A635647265F961000157EDE /* ContentView.swift in Sources */,
				6A635645265F961000157EDE /* xlsxParserApp.swift in Sources */,
			);
			runOnlyForDeploymentPostprocessing = 0;
		};
		6A63564E265F963600157EDE /* Sources */ = {
			isa = PBXSourcesBuildPhase;
			buildActionMask = 2147483647;
			files = (
				6A635657265F963600157EDE /* xlsxParserTests.swift in Sources */,
			);
			runOnlyForDeploymentPostprocessing = 0;
		};
		6A635659265F963600157EDE /* Sources */ = {
			isa = PBXSourcesBuildPhase;
			buildActionMask = 2147483647;
			files = (
				6A635662265F963600157EDE /* xlsxParserUITests.swift in Sources */,
			);
			runOnlyForDeploymentPostprocessing = 0;
		};
/* End PBXSourcesBuildPhase section */

/* Begin PBXTargetDependency section */
		6A635654265F963600157EDE /* PBXTargetDependency */ = {
			isa = PBXTargetDependency;
			target = 6A635640265F961000157EDE /* xlsxParser */;
			targetProxy = 6A635653265F963600157EDE /* PBXContainerItemProxy */;
		};
		6A63565F265F963600157EDE /* PBXTargetDependency */ = {
			isa = PBXTargetDependency;
			target = 6A635640265F961000157EDE /* xlsxParser */;
			targetProxy = 6A63565E265F963600157EDE /* PBXContainerItemProxy */;
		};
/* End PBXTargetDependency section */

/* Begin XCBuildConfiguration section */
		6A635664265F963600157EDE /* Debug */ = {
			isa = XCBuildConfiguration;
			buildSettings = {
				ALWAYS_SEARCH_USER_PATHS = NO;
				CLANG_ANALYZER_NONNULL = YES;
				CLANG_ANALYZER_NUMBER_OBJECT_CONVERSION = YES_AGGRESSIVE;
				CLANG_CXX_LANGUAGE_STANDARD = "gnu++14";
				CLANG_CXX_LIBRARY = "libc++";
				CLANG_ENABLE_MODULES = YES;
				CLANG_ENABLE_OBJC_ARC = YES;
				CLANG_ENABLE_OBJC_WEAK = YES;
				CLANG_WARN_BLOCK_CAPTURE_AUTORELEASING = YES;
				CLANG_WARN_BOOL_CONVERSION = YES;
				CLANG_WARN_COMMA = YES;
				CLANG_WARN_CONSTANT_CONVERSION = YES;
				CLANG_WARN_DEPRECATED_OBJC_IMPLEMENTATIONS = YES;
				CLANG_WARN_DIRECT_OBJC_ISA_USAGE = YES_ERROR;
				CLANG_WARN_DOCUMENTATION_COMMENTS = YES;
				CLANG_WARN_EMPTY_BODY = YES;
				CLANG_WARN_ENUM_CONVERSION = YES;
				CLANG_WARN_INFINITE_RECURSION = YES;
				CLANG_WARN_INT_CONVERSION = YES;
				CLANG_WARN_NON_LITERAL_NULL_CONVERSION = YES;
				CLANG_WARN_OBJC_IMPLICIT_RETAIN_SELF = YES;
				CLANG_WARN_OBJC_LITERAL_CONVERSION = YES;
				CLANG_WARN_OBJC_ROOT_CLASS = YES_ERROR;
				CLANG_WARN_QUOTED_INCLUDE_IN_FRAMEWORK_HEADER = YES;
				CLANG_WARN_RANGE_LOOP_ANALYSIS = YES;
				CLANG_WARN_STRICT_PROTOTYPES = YES;
				CLANG_WARN_SUSPICIOUS_MOVE = YES;
				CLANG_WARN_UNGUARDED_AVAILABILITY = YES_AGGRESSIVE;
				CLANG_WARN_UNREACHABLE_CODE = YES;
				CLANG_WARN__DUPLICATE_METHOD_MATCH = YES;
				COPY_PHASE_STRIP = NO;
				DEBUG_INFORMATION_FORMAT = dwarf;
				ENABLE_STRICT_OBJC_MSGSEND = YES;
				ENABLE_TESTABILITY = YES;
				GCC_C_LANGUAGE_STANDARD = gnu11;
				GCC_DYNAMIC_NO_PIC = NO;
				GCC_NO_COMMON_BLOCKS = YES;
				GCC_OPTIMIZATION_LEVEL = 0;
				GCC_PREPROCESSOR_DEFINITIONS = (
					"DEBUG=1",
					"$(inherited)",
				);
				GCC_WARN_64_TO_32_BIT_CONVERSION = YES;
				GCC_WARN_ABOUT_RETURN_TYPE = YES_ERROR;
				GCC_WARN_UNDECLARED_SELECTOR = YES;
				GCC_WARN_UNINITIALIZED_AUTOS = YES_AGGRESSIVE;
				GCC_WARN_UNUSED_FUNCTION = YES;
				GCC_WARN_UNUSED_VARIABLE = YES;
				IPHONEOS_DEPLOYMENT_TARGET = 14.4;
				MTL_ENABLE_DEBUG_INFO = INCLUDE_SOURCE;
				MTL_FAST_MATH = YES;
				ONLY_ACTIVE_ARCH = YES;
				SDKROOT = iphoneos;
				SWIFT_ACTIVE_COMPILATION_CONDITIONS = DEBUG;
				SWIFT_OPTIMIZATION_LEVEL = "-Onone";
			};
			name = Debug;
		};
		6A635665265F963600157EDE /* Release */ = {
			isa = XCBuildConfiguration;
			buildSettings = {
				ALWAYS_SEARCH_USER_PATHS = NO;
				CLANG_ANALYZER_NONNULL = YES;
				CLANG_ANALYZER_NUMBER_OBJECT_CONVERSION = YES_AGGRESSIVE;
				CLANG_CXX_LANGUAGE_STANDARD = "gnu++14";
				CLANG_CXX_LIBRARY = "libc++";
				CLANG_ENABLE_MODULES = YES;
				CLANG_ENABLE_OBJC_ARC = YES;
				CLANG_ENABLE_OBJC_WEAK = YES;
				CLANG_WARN_BLOCK_CAPTURE_AUTORELEASING = YES;
				CLANG_WARN_BOOL_CONVERSION = YES;
				CLANG_WARN_COMMA = YES;
				CLANG_WARN_CONSTANT_CONVERSION = YES;
				CLANG_WARN_DEPRECATED_OBJC_IMPLEMENTATIONS = YES;
				CLANG_WARN_DIRECT_OBJC_ISA_USAGE = YES_ERROR;
				CLANG_WARN_DOCUMENTATION_COMMENTS = YES;
				CLANG_WARN_EMPTY_BODY = YES;
				CLANG_WARN_ENUM_CONVERSION = YES;
				CLANG_WARN_INFINITE_RECURSION = YES;
				CLANG_WARN_INT_CONVERSION = YES;
				CLANG_WARN_NON_LITERAL_NULL_CONVERSION = YES;
				CLANG_WARN_OBJC_IMPLICIT_RETAIN_SELF = YES;
				CLANG_WARN_OBJC_LITERAL_CONVERSION = YES;
				CLANG_WARN_OBJC_ROOT_CLASS = YES_ERROR;
				CLANG_WARN_QUOTED_INCLUDE_IN_FRAMEWORK_HEADER = YES;
				CLANG_WARN_RANGE_LOOP_ANALYSIS = YES;
				CLANG_WARN_STRICT_PROTOTYPES = YES;
				CLANG_WARN_SUSPICIOUS_MOVE = YES;
				CLANG_WARN_UNGUARDED_AVAILABILITY = YES_AGGRESSIVE;
				CLANG_WARN_UNREACHABLE_CODE = YES;
				CLANG_WARN__DUPLICATE_METHOD_MATCH = YES;
				COPY_PHASE_STRIP = NO;
				DEBUG_INFORMATION_FORMAT = "dwarf-with-dsym";
				ENABLE_NS_ASSERTIONS = NO;
				ENABLE_STRICT_OBJC_MSGSEND = YES;
				GCC_C_LANGUAGE_STANDARD = gnu11;
				GCC_NO_COMMON_BLOCKS = YES;
				GCC_WARN_64_TO_32_BIT_CONVERSION = YES;
				GCC_WARN_ABOUT_RETURN_TYPE = YES_ERROR;
				GCC_WARN_UNDECLARED_SELECTOR = YES;
				GCC_WARN_UNINITIALIZED_AUTOS = YES_AGGRESSIVE;
				GCC_WARN_UNUSED_FUNCTION = YES;
				GCC_WARN_UNUSED_VARIABLE = YES;
				IPHONEOS_DEPLOYMENT_TARGET = 14.4;
				MTL_ENABLE_DEBUG_INFO = NO;
				MTL_FAST_MATH = YES;
				SDKROOT = iphoneos;
				SWIFT_COMPILATION_MODE = wholemodule;
				SWIFT_OPTIMIZATION_LEVEL = "-O";
				VALIDATE_PRODUCT = YES;
			};
			name = Release;
		};
		6A635667265F963600157EDE /* Debug */ = {
			isa = XCBuildConfiguration;
			baseConfigurationReference = 2B2ED744807E0BF4A9E326BB /* Pods-xlsxParser.debug.xcconfig */;
			buildSettings = {
				ASSETCATALOG_COMPILER_APPICON_NAME = AppIcon;
				ASSETCATALOG_COMPILER_GLOBAL_ACCENT_COLOR_NAME = AccentColor;
				CODE_SIGN_ENTITLEMENTS = xlsxParser/xlsxParser.entitlements;
				CODE_SIGN_STYLE = Automatic;
				CURRENT_PROJECT_VERSION = 1.0.1;
				DEVELOPMENT_ASSET_PATHS = "\"xlsxParser/Preview Content\"";
				DEVELOPMENT_TEAM = 637JS3JU7M;
				ENABLE_PREVIEWS = YES;
				INFOPLIST_FILE = xlsxParser/Info.plist;
				IPHONEOS_DEPLOYMENT_TARGET = 14.0;
				LD_RUNPATH_SEARCH_PATHS = (
					"$(inherited)",
					"@executable_path/Frameworks",
				);
				MARKETING_VERSION = 1.0.1;
				PRODUCT_BUNDLE_IDENTIFIER = com.yumiya.xlsxParser;
				PRODUCT_NAME = "$(TARGET_NAME)";
				SWIFT_VERSION = 5.0;
				TARGETED_DEVICE_FAMILY = "1,2";
			};
			name = Debug;
		};
		6A635668265F963600157EDE /* Release */ = {
			isa = XCBuildConfiguration;
			baseConfigurationReference = B2C1C8DA4FFBA7B9416943F4 /* Pods-xlsxParser.release.xcconfig */;
			buildSettings = {
				ASSETCATALOG_COMPILER_APPICON_NAME = AppIcon;
				ASSETCATALOG_COMPILER_GLOBAL_ACCENT_COLOR_NAME = AccentColor;
				CODE_SIGN_ENTITLEMENTS = xlsxParser/xlsxParser.entitlements;
				CODE_SIGN_STYLE = Automatic;
				CURRENT_PROJECT_VERSION = 1.0.1;
				DEVELOPMENT_ASSET_PATHS = "\"xlsxParser/Preview Content\"";
				DEVELOPMENT_TEAM = 637JS3JU7M;
				ENABLE_PREVIEWS = YES;
				INFOPLIST_FILE = xlsxParser/Info.plist;
				IPHONEOS_DEPLOYMENT_TARGET = 14.0;
				LD_RUNPATH_SEARCH_PATHS = (
					"$(inherited)",
					"@executable_path/Frameworks",
				);
				MARKETING_VERSION = 1.0.1;
				PRODUCT_BUNDLE_IDENTIFIER = com.yumiya.xlsxParser;
				PRODUCT_NAME = "$(TARGET_NAME)";
				SWIFT_VERSION = 5.0;
				TARGETED_DEVICE_FAMILY = "1,2";
			};
			name = Release;
		};
		6A63566A265F963600157EDE /* Debug */ = {
			isa = XCBuildConfiguration;
			baseConfigurationReference = 74D5026BCB7B91DCEF980AE6 /* Pods-xlsxParserTests.debug.xcconfig */;
			buildSettings = {
				ALWAYS_EMBED_SWIFT_STANDARD_LIBRARIES = YES;
				BUNDLE_LOADER = "$(TEST_HOST)";
				CODE_SIGN_STYLE = Automatic;
				DEVELOPMENT_TEAM = 637JS3JU7M;
				INFOPLIST_FILE = xlsxParserTests/Info.plist;
				IPHONEOS_DEPLOYMENT_TARGET = 14.0;
				LD_RUNPATH_SEARCH_PATHS = (
					"$(inherited)",
					"@executable_path/Frameworks",
					"@loader_path/Frameworks",
				);
				PRODUCT_BUNDLE_IDENTIFIER = com.yumiya.xlsxParserTests;
				PRODUCT_NAME = "$(TARGET_NAME)";
				SWIFT_VERSION = 5.0;
				TARGETED_DEVICE_FAMILY = "1,2";
				TEST_HOST = "$(BUILT_PRODUCTS_DIR)/xlsxParser.app/xlsxParser";
			};
			name = Debug;
		};
		6A63566B265F963600157EDE /* Release */ = {
			isa = XCBuildConfiguration;
			baseConfigurationReference = F3416526929BC7BAD7945B20 /* Pods-xlsxParserTests.release.xcconfig */;
			buildSettings = {
				ALWAYS_EMBED_SWIFT_STANDARD_LIBRARIES = YES;
				BUNDLE_LOADER = "$(TEST_HOST)";
				CODE_SIGN_STYLE = Automatic;
				DEVELOPMENT_TEAM = 637JS3JU7M;
				INFOPLIST_FILE = xlsxParserTests/Info.plist;
				IPHONEOS_DEPLOYMENT_TARGET = 14.0;
				LD_RUNPATH_SEARCH_PATHS = (
					"$(inherited)",
					"@executable_path/Frameworks",
					"@loader_path/Frameworks",
				);
				PRODUCT_BUNDLE_IDENTIFIER = com.yumiya.xlsxParserTests;
				PRODUCT_NAME = "$(TARGET_NAME)";
				SWIFT_VERSION = 5.0;
				TARGETED_DEVICE_FAMILY = "1,2";
				TEST_HOST = "$(BUILT_PRODUCTS_DIR)/xlsxParser.app/xlsxParser";
			};
			name = Release;
		};
		6A63566D265F963600157EDE /* Debug */ = {
			isa = XCBuildConfiguration;
			baseConfigurationReference = 6F015439AE8681C5956648DA /* Pods-xlsxParser-xlsxParserUITests.debug.xcconfig */;
			buildSettings = {
				ALWAYS_EMBED_SWIFT_STANDARD_LIBRARIES = YES;
				CODE_SIGN_STYLE = Automatic;
				DEVELOPMENT_TEAM = 637JS3JU7M;
				INFOPLIST_FILE = xlsxParserUITests/Info.plist;
				LD_RUNPATH_SEARCH_PATHS = (
					"$(inherited)",
					"@executable_path/Frameworks",
					"@loader_path/Frameworks",
				);
				PRODUCT_BUNDLE_IDENTIFIER = com.yumiya.xlsxParserUITests;
				PRODUCT_NAME = "$(TARGET_NAME)";
				SWIFT_VERSION = 5.0;
				TARGETED_DEVICE_FAMILY = "1,2";
				TEST_TARGET_NAME = xlsxParser;
			};
			name = Debug;
		};
		6A63566E265F963600157EDE /* Release */ = {
			isa = XCBuildConfiguration;
			baseConfigurationReference = 4FF5754100187473C470F003 /* Pods-xlsxParser-xlsxParserUITests.release.xcconfig */;
			buildSettings = {
				ALWAYS_EMBED_SWIFT_STANDARD_LIBRARIES = YES;
				CODE_SIGN_STYLE = Automatic;
				DEVELOPMENT_TEAM = 637JS3JU7M;
				INFOPLIST_FILE = xlsxParserUITests/Info.plist;
				LD_RUNPATH_SEARCH_PATHS = (
					"$(inherited)",
					"@executable_path/Frameworks",
					"@loader_path/Frameworks",
				);
				PRODUCT_BUNDLE_IDENTIFIER = com.yumiya.xlsxParserUITests;
				PRODUCT_NAME = "$(TARGET_NAME)";
				SWIFT_VERSION = 5.0;
				TARGETED_DEVICE_FAMILY = "1,2";
				TEST_TARGET_NAME = xlsxParser;
			};
			name = Release;
		};
/* End XCBuildConfiguration section */

/* Begin XCConfigurationList section */
		6A63563C265F961000157EDE /* Build configuration list for PBXProject "xlsxParser" */ = {
			isa = XCConfigurationList;
			buildConfigurations = (
				6A635664265F963600157EDE /* Debug */,
				6A635665265F963600157EDE /* Release */,
			);
			defaultConfigurationIsVisible = 0;
			defaultConfigurationName = Release;
		};
		6A635666265F963600157EDE /* Build configuration list for PBXNativeTarget "xlsxParser" */ = {
			isa = XCConfigurationList;
			buildConfigurations = (
				6A635667265F963600157EDE /* Debug */,
				6A635668265F963600157EDE /* Release */,
			);
			defaultConfigurationIsVisible = 0;
			defaultConfigurationName = Release;
		};
		6A635669265F963600157EDE /* Build configuration list for PBXNativeTarget "xlsxParserTests" */ = {
			isa = XCConfigurationList;
			buildConfigurations = (
				6A63566A265F963600157EDE /* Debug */,
				6A63566B265F963600157EDE /* Release */,
			);
			defaultConfigurationIsVisible = 0;
			defaultConfigurationName = Release;
		};
		6A63566C265F963600157EDE /* Build configuration list for PBXNativeTarget "xlsxParserUITests" */ = {
			isa = XCConfigurationList;
			buildConfigurations = (
				6A63566D265F963600157EDE /* Debug */,
				6A63566E265F963600157EDE /* Release */,
			);
			defaultConfigurationIsVisible = 0;
			defaultConfigurationName = Release;
		};
/* End XCConfigurationList section */
	};
	rootObject = 6A635639265F961000157EDE /* Project object */;
}
